
Microsoft Visual Studio Solution File, Format Version 12.00
# Visual Studio 15
VisualStudioVersion = 15.0.28307.329
MinimumVisualStudioVersion = 10.0.40219.1
Project("{FAE04EC0-301F-11D3-BF4B-00C04F79EFBC}") = "HnHMapSendTool.Core", "HnHMapSendTool.Core\HnHMapSendTool.Core.csproj", "{155F68C2-1BBE-4F8B-B5E8-C16088D73E17}"
EndProject
Project("{FAE04EC0-301F-11D3-BF4B-00C04F79EFBC}") = "HnHMapSendTool.WpfUI", "HnHMapSendTool.WpfUI\HnHMapSendTool.WpfUI.csproj", "{77E6810C-60BE-4C46-A26E-92B641A254CC}"
EndProject
Global
	GlobalSection(SolutionConfigurationPlatforms) = preSolution
		Debug|Any CPU = Debug|Any CPU
		Release|Any CPU = Release|Any CPU
	EndGlobalSection
	GlobalSection(ProjectConfigurationPlatforms) = postSolution
		{155F68C2-1BBE-4F8B-B5E8-C16088D73E17}.Debug|Any CPU.ActiveCfg = Debug|Any CPU
		{155F68C2-1BBE-4F8B-B5E8-C16088D73E17}.Debug|Any CPU.Build.0 = Debug|Any CPU
		{155F68C2-1BBE-4F8B-B5E8-C16088D73E17}.Release|Any CPU.ActiveCfg = Release|Any CPU
		{155F68C2-1BBE-4F8B-B5E8-C16088D73E17}.Release|Any CPU.Build.0 = Release|Any CPU
		{77E6810C-60BE-4C46-A26E-92B641A254CC}.Debug|Any CPU.ActiveCfg = Debug|Any CPU
		{77E6810C-60BE-4C46-A26E-92B641A254CC}.Debug|Any CPU.Build.0 = Debug|Any CPU
		{77E6810C-60BE-4C46-A26E-92B641A254CC}.Release|Any CPU.ActiveCfg = Release|Any CPU
		{77E6810C-60BE-4C46-A26E-92B641A254CC}.Release|Any CPU.Build.0 = Release|Any CPU
	EndGlobalSection
	GlobalSection(SolutionProperties) = preSolution
		HideSolutionNode = FALSE
	EndGlobalSection
	GlobalSection(ExtensibilityGlobals) = postSolution
		SolutionGuid = {78422F7E-74DA-4041-A84F-1858D09A567E}
	EndGlobalSection
EndGlobal
